
Microsoft Visual Studio Solution File, Format Version 12.00
# Visual Studio Version 17
VisualStudioVersion = 17.13.35919.96 d17.13
MinimumVisualStudioVersion = 10.0.40219.1
Project("{FAE04EC0-301F-11D3-BF4B-00C04F79EFBC}") = "Week1_Bootcamp_Csharp", "Week1_Bootcamp_Csharp\Week1_Bootcamp_Csharp.csproj", "{C061D86B-9305-43C5-A399-E462B4CB62FD}"
EndProject
Global
	GlobalSection(SolutionConfigurationPlatforms) = preSolution
		Debug|Any CPU = Debug|Any CPU
		Release|Any CPU = Release|Any CPU
	EndGlobalSection
	GlobalSection(ProjectConfigurationPlatforms) = postSolution
		{C061D86B-9305-43C5-A399-E462B4CB62FD}.Debug|Any CPU.ActiveCfg = Debug|Any CPU
		{C061D86B-9305-43C5-A399-E462B4CB62FD}.Debug|Any CPU.Build.0 = Debug|Any CPU
		{C061D86B-9305-43C5-A399-E462B4CB62FD}.Release|Any CPU.ActiveCfg = Release|Any CPU
		{C061D86B-9305-43C5-A399-E462B4CB62FD}.Release|Any CPU.Build.0 = Release|Any CPU
	EndGlobalSection
	GlobalSection(SolutionProperties) = preSolution
		HideSolutionNode = FALSE
	EndGlobalSection
	GlobalSection(ExtensibilityGlobals) = postSolution
		SolutionGuid = {7ECD3455-D05B-422D-A68E-5F99AC4BA248}
	EndGlobalSection
EndGlobal
